
Microsoft Visual Studio Solution File, Format Version 12.00
# Visual Studio Version 17
VisualStudioVersion = 17.11.35303.130
MinimumVisualStudioVersion = 10.0.40219.1
Project("{FAE04EC0-301F-11D3-BF4B-00C04F79EFBC}") = "Csharp", "Csharp\Csharp.csproj", "{726E0B96-DB6E-43DB-B03C-23028F651647}"
EndProject
Global
	GlobalSection(SolutionConfigurationPlatforms) = preSolution
		Debug|Any CPU = Debug|Any CPU
		Release|Any CPU = Release|Any CPU
	EndGlobalSection
	GlobalSection(ProjectConfigurationPlatforms) = postSolution
		{726E0B96-DB6E-43DB-B03C-23028F651647}.Debug|Any CPU.ActiveCfg = Debug|Any CPU
		{726E0B96-DB6E-43DB-B03C-23028F651647}.Debug|Any CPU.Build.0 = Debug|Any CPU
		{726E0B96-DB6E-43DB-B03C-23028F651647}.Release|Any CPU.ActiveCfg = Release|Any CPU
		{726E0B96-DB6E-43DB-B03C-23028F651647}.Release|Any CPU.Build.0 = Release|Any CPU
	EndGlobalSection
	GlobalSection(SolutionProperties) = preSolution
		HideSolutionNode = FALSE
	EndGlobalSection
	GlobalSection(ExtensibilityGlobals) = postSolution
		SolutionGuid = {3928EDAF-4CEA-4464-A844-1C1BCE9B2886}
	EndGlobalSection
EndGlobal
